// !$*UTF8*$!
{
	archiveVersion = 1;
	classes = {
	};
	objectVersion = 46;
	objects = {

/* Begin PBXBuildFile section */
		8D24A2E21CB6528100E81750 /* AppDelegate.swift in Sources */ = {isa = PBXBuildFile; fileRef = 8D24A2E11CB6528100E81750 /* AppDelegate.swift */; };
		8D24A2E41CB6528100E81750 /* ViewController.swift in Sources */ = {isa = PBXBuildFile; fileRef = 8D24A2E31CB6528100E81750 /* ViewController.swift */; };
		8D24A2E71CB6528100E81750 /* Main.storyboard in Resources */ = {isa = PBXBuildFile; fileRef = 8D24A2E51CB6528100E81750 /* Main.storyboard */; };
		8D24A2EA1CB6528100E81750 /* babyMonitor.xcdatamodeld in Sources */ = {isa = PBXBuildFile; fileRef = 8D24A2E81CB6528100E81750 /* babyMonitor.xcdatamodeld */; };
		8D24A2EC1CB6528100E81750 /* Assets.xcassets in Resources */ = {isa = PBXBuildFile; fileRef = 8D24A2EB1CB6528100E81750 /* Assets.xcassets */; };
		8D24A2EF1CB6528100E81750 /* LaunchScreen.storyboard in Resources */ = {isa = PBXBuildFile; fileRef = 8D24A2ED1CB6528100E81750 /* LaunchScreen.storyboard */; };
/* End PBXBuildFile section */

/* Begin PBXFileReference section */
		8D24A2DE1CB6528100E81750 /* babyMonitor.app */ = {isa = PBXFileReference; explicitFileType = wrapper.application; includeInIndex = 0; path = babyMonitor.app; sourceTree = BUILT_PRODUCTS_DIR; };
		8D24A2E11CB6528100E81750 /* AppDelegate.swift */ = {isa = PBXFileReference; lastKnownFileType = sourcecode.swift; path = AppDelegate.swift; sourceTree = "<group>"; };
		8D24A2E31CB6528100E81750 /* ViewController.swift */ = {isa = PBXFileReference; lastKnownFileType = sourcecode.swift; path = ViewController.swift; sourceTree = "<group>"; };
		8D24A2E61CB6528100E81750 /* Base */ = {isa = PBXFileReference; lastKnownFileType = file.storyboard; name = Base; path = Base.lproj/Main.storyboard; sourceTree = "<group>"; };
		8D24A2E91CB6528100E81750 /* babyMonitor.xcdatamodel */ = {isa = PBXFileReference; lastKnownFileType = wrapper.xcdatamodel; path = babyMonitor.xcdatamodel; sourceTree = "<group>"; };
		8D24A2EB1CB6528100E81750 /* Assets.xcassets */ = {isa = PBXFileReference; lastKnownFileType = folder.assetcatalog; path = Assets.xcassets; sourceTree = "<group>"; };
		8D24A2EE1CB6528100E81750 /* Base */ = {isa = PBXFileReference; lastKnownFileType = file.storyboard; name = Base; path = Base.lproj/LaunchScreen.storyboard; sourceTree = "<group>"; };
		8D24A2F01CB6528100E81750 /* Info.plist */ = {isa = PBXFileReference; lastKnownFileType = text.plist.xml; path = Info.plist; sourceTree = "<group>"; };
/* End PBXFileReference section */

/* Begin PBXFrameworksBuildPhase section */
		8D24A2DB1CB6528100E81750 /* Frameworks */ = {
			isa = PBXFrameworksBuildPhase;
			buildActionMask = 2147483647;
			files = (
			);
			runOnlyForDeploymentPostprocessing = 0;
		};
/* End PBXFrameworksBuildPhase section */

/* Begin PBXGroup section */
		8D24A2D51CB6528100E81750 = {
			isa = PBXGroup;
			children = (
				8D24A2E01CB6528100E81750 /* babyMonitor */,
				8D24A2DF1CB6528100E81750 /* Products */,
			);
			sourceTree = "<group>";
		};
		8D24A2DF1CB6528100E81750 /* Products */ = {
			isa = PBXGroup;
			children = (
				8D24A2DE1CB6528100E81750 /* babyMonitor.app */,
			);
			name = Products;
			sourceTree = "<group>";
		};
		8D24A2E01CB6528100E81750 /* babyMonitor */ = {
			isa = PBXGroup;
			children = (
				8D24A2E11CB6528100E81750 /* AppDelegate.swift */,
				8D24A2E31CB6528100E81750 /* ViewController.swift */,
				8D24A2E51CB6528100E81750 /* Main.storyboard */,
				8D24A2EB1CB6528100E81750 /* Assets.xcassets */,
				8D24A2ED1CB6528100E81750 /* LaunchScreen.storyboard */,
				8D24A2F01CB6528100E81750 /* Info.plist */,
				8D24A2E81CB6528100E81750 /* babyMonitor.xcdatamodeld */,
			);
			path = babyMonitor;
			sourceTree = "<group>";
		};
/* End PBXGroup section */

/* Begin PBXNativeTarget section */
		8D24A2DD1CB6528100E81750 /* babyMonitor */ = {
			isa = PBXNativeTarget;
			buildConfigurationList = 8D24A2F31CB6528100E81750 /* Build configuration list for PBXNativeTarget "babyMonitor" */;
			buildPhases = (
				8D24A2DA1CB6528100E81750 /* Sources */,
				8D24A2DB1CB6528100E81750 /* Frameworks */,
				8D24A2DC1CB6528100E81750 /* Resources */,
			);
			buildRules = (
			);
			dependencies = (
			);
			name = babyMonitor;
			productName = babyMonitor;
			productReference = 8D24A2DE1CB6528100E81750 /* babyMonitor.app */;
			productType = "com.apple.product-type.application";
		};
/* End PBXNativeTarget section */

/* Begin PBXProject section */
		8D24A2D61CB6528100E81750 /* Project object */ = {
			isa = PBXProject;
			attributes = {
				LastSwiftUpdateCheck = 0730;
				LastUpgradeCheck = 0730;
				ORGANIZATIONNAME = dede;
				TargetAttributes = {
					8D24A2DD1CB6528100E81750 = {
						CreatedOnToolsVersion = 7.3;
						DevelopmentTeam = Q83MD2CS8E;
					};
				};
			};
			buildConfigurationList = 8D24A2D91CB6528100E81750 /* Build configuration list for PBXProject "babyMonitor" */;
			compatibilityVersion = "Xcode 3.2";
			developmentRegion = English;
			hasScannedForEncodings = 0;
			knownRegions = (
				en,
				Base,
			);
			mainGroup = 8D24A2D51CB6528100E81750;
			productRefGroup = 8D24A2DF1CB6528100E81750 /* Products */;
			projectDirPath = "";
			projectRoot = "";
			targets = (
				8D24A2DD1CB6528100E81750 /* babyMonitor */,
			);
		};
/* End PBXProject section */

/* Begin PBXResourcesBuildPhase section */
		8D24A2DC1CB6528100E81750 /* Resources */ = {
			isa = PBXResourcesBuildPhase;
			buildActionMask = 2147483647;
			files = (
				8D24A2EF1CB6528100E81750 /* LaunchScreen.storyboard in Resources */,
				8D24A2EC1CB6528100E81750 /* Assets.xcassets in Resources */,
				8D24A2E71CB6528100E81750 /* Main.storyboard in Resources */,
			);
			runOnlyForDeploymentPostprocessing = 0;
		};
/* End PBXResourcesBuildPhase section */

/* Begin PBXSourcesBuildPhase section */
		8D24A2DA1CB6528100E81750 /* Sources */ = {
			isa = PBXSourcesBuildPhase;
			buildActionMask = 2147483647;
			files = (
				8D24A2E41CB6528100E81750 /* ViewController.swift in Sources */,
				8D24A2E21CB6528100E81750 /* AppDelegate.swift in Sources */,
				8D24A2EA1CB6528100E81750 /* babyMonitor.xcdatamodeld in Sources */,
			);
			runOnlyForDeploymentPostprocessing = 0;
		};
/* End PBXSourcesBuildPhase section */

/* Begin PBXVariantGroup section */
		8D24A2E51CB6528100E81750 /* Main.storyboard */ = {
			isa = PBXVariantGroup;
			children = (
				8D24A2E61CB6528100E81750 /* Base */,
			);
			name = Main.storyboard;
			sourceTree = "<group>";
		};
		8D24A2ED1CB6528100E81750 /* LaunchScreen.storyboard */ = {
			isa = PBXVariantGroup;
			children = (
				8D24A2EE1CB6528100E81750 /* Base */,
			);
			name = LaunchScreen.storyboard;
			sourceTree = "<group>";
		};
/* End PBXVariantGroup section */

/* Begin XCBuildConfiguration section */
		8D24A2F11CB6528100E81750 /* Debug */ = {
			isa = XCBuildConfiguration;
			buildSettings = {
				ALWAYS_SEARCH_USER_PATHS = NO;
				CLANG_ANALYZER_NONNULL = YES;
				CLANG_CXX_LANGUAGE_STANDARD = "gnu++0x";
				CLANG_CXX_LIBRARY = "libc++";
				CLANG_ENABLE_MODULES = YES;
				CLANG_ENABLE_OBJC_ARC = YES;
				CLANG_WARN_BOOL_CONVERSION = YES;
				CLANG_WARN_CONSTANT_CONVERSION = YES;
				CLANG_WARN_DIRECT_OBJC_ISA_USAGE = YES_ERROR;
				CLANG_WARN_EMPTY_BODY = YES;
				CLANG_WARN_ENUM_CONVERSION = YES;
				CLANG_WARN_INT_CONVERSION = YES;
				CLANG_WARN_OBJC_ROOT_CLASS = YES_ERROR;
				CLANG_WARN_UNREACHABLE_CODE = YES;
				CLANG_WARN__DUPLICATE_METHOD_MATCH = YES;
				"CODE_SIGN_IDENTITY[sdk=iphoneos*]" = "iPhone Developer";
				COPY_PHASE_STRIP = NO;
				DEBUG_INFORMATION_FORMAT = dwarf;
				ENABLE_STRICT_OBJC_MSGSEND = YES;
				ENABLE_TESTABILITY = YES;
				GCC_C_LANGUAGE_STANDARD = gnu99;
				GCC_DYNAMIC_NO_PIC = NO;
				GCC_NO_COMMON_BLOCKS = YES;
				GCC_OPTIMIZATION_LEVEL = 0;
				GCC_PREPROCESSOR_DEFINITIONS = (
					"DEBUG=1",
					"$(inherited)",
				);
				GCC_WARN_64_TO_32_BIT_CONVERSION = YES;
				GCC_WARN_ABOUT_RETURN_TYPE = YES_ERROR;
				GCC_WARN_UNDECLARED_SELECTOR = YES;
				GCC_WARN_UNINITIALIZED_AUTOS = YES_AGGRESSIVE;
				GCC_WARN_UNUSED_FUNCTION = YES;
				GCC_WARN_UNUSED_VARIABLE = YES;
				IPHONEOS_DEPLOYMENT_TARGET = 9.3;
				MTL_ENABLE_DEBUG_INFO = YES;
				ONLY_ACTIVE_ARCH = YES;
				SDKROOT = iphoneos;
				SWIFT_OPTIMIZATION_LEVEL = "-Onone";
			};
			name = Debug;
		};
		8D24A2F21CB6528100E81750 /* Release */ = {
			isa = XCBuildConfiguration;
			buildSettings = {
				ALWAYS_SEARCH_USER_PATHS = NO;
				CLANG_ANALYZER_NONNULL = YES;
				CLANG_CXX_LANGUAGE_STANDARD = "gnu++0x";
				CLANG_CXX_LIBRARY = "libc++";
				CLANG_ENABLE_MODULES = YES;
				CLANG_ENABLE_OBJC_ARC = YES;
				CLANG_WARN_BOOL_CONVERSION = YES;
				CLANG_WARN_CONSTANT_CONVERSION = YES;
				CLANG_WARN_DIRECT_OBJC_ISA_USAGE = YES_ERROR;
				CLANG_WARN_EMPTY_BODY = YES;
				CLANG_WARN_ENUM_CONVERSION = YES;
				CLANG_WARN_INT_CONVERSION = YES;
				CLANG_WARN_OBJC_ROOT_CLASS = YES_ERROR;
				CLANG_WARN_UNREACHABLE_CODE = YES;
				CLANG_WARN__DUPLICATE_METHOD_MATCH = YES;
				"CODE_SIGN_IDENTITY[sdk=iphoneos*]" = "iPhone Developer";
				COPY_PHASE_STRIP = NO;
				DEBUG_INFORMATION_FORMAT = "dwarf-with-dsym";
				ENABLE_NS_ASSERTIONS = NO;
				ENABLE_STRICT_OBJC_MSGSEND = YES;
				GCC_C_LANGUAGE_STANDARD = gnu99;
				GCC_NO_COMMON_BLOCKS = YES;
				GCC_WARN_64_TO_32_BIT_CONVERSION = YES;
				GCC_WARN_ABOUT_RETURN_TYPE = YES_ERROR;
				GCC_WARN_UNDECLARED_SELECTOR = YES;
				GCC_WARN_UNINITIALIZED_AUTOS = YES_AGGRESSIVE;
				GCC_WARN_UNUSED_FUNCTION = YES;
				GCC_WARN_UNUSED_VARIABLE = YES;
				IPHONEOS_DEPLOYMENT_TARGET = 9.3;
				MTL_ENABLE_DEBUG_INFO = NO;
				SDKROOT = iphoneos;
				VALIDATE_PRODUCT = YES;
			};
			name = Release;
		};
		8D24A2F41CB6528100E81750 /* Debug */ = {
			isa = XCBuildConfiguration;
			buildSettings = {
				ASSETCATALOG_COMPILER_APPICON_NAME = AppIcon;
				INFOPLIST_FILE = babyMonitor/Info.plist;
				LD_RUNPATH_SEARCH_PATHS = "$(inherited) @executable_path/Frameworks";
				PRODUCT_BUNDLE_IDENTIFIER = com.babyMonitor;
				PRODUCT_NAME = "$(TARGET_NAME)";
			};
			name = Debug;
		};
		8D24A2F51CB6528100E81750 /* Release */ = {
			isa = XCBuildConfiguration;
			buildSettings = {
				ASSETCATALOG_COMPILER_APPICON_NAME = AppIcon;
				INFOPLIST_FILE = babyMonitor/Info.plist;
				LD_RUNPATH_SEARCH_PATHS = "$(inherited) @executable_path/Frameworks";
				PRODUCT_BUNDLE_IDENTIFIER = com.babyMonitor;
				PRODUCT_NAME = "$(TARGET_NAME)";
			};
			name = Release;
		};
/* End XCBuildConfiguration section */

/* Begin XCConfigurationList section */
		8D24A2D91CB6528100E81750 /* Build configuration list for PBXProject "babyMonitor" */ = {
			isa = XCConfigurationList;
			buildConfigurations = (
				8D24A2F11CB6528100E81750 /* Debug */,
				8D24A2F21CB6528100E81750 /* Release */,
			);
			defaultConfigurationIsVisible = 0;
			defaultConfigurationName = Release;
		};
		8D24A2F31CB6528100E81750 /* Build configuration list for PBXNativeTarget "babyMonitor" */ = {
			isa = XCConfigurationList;
			buildConfigurations = (
				8D24A2F41CB6528100E81750 /* Debug */,
				8D24A2F51CB6528100E81750 /* Release */,
			);
			defaultConfigurationIsVisible = 0;
		};
/* End XCConfigurationList section */

/* Begin XCVersionGroup section */
		8D24A2E81CB6528100E81750 /* babyMonitor.xcdatamodeld */ = {
			isa = XCVersionGroup;
			children = (
				8D24A2E91CB6528100E81750 /* babyMonitor.xcdatamodel */,
			);
			currentVersion = 8D24A2E91CB6528100E81750 /* babyMonitor.xcdatamodel */;
			path = babyMonitor.xcdatamodeld;
			sourceTree = "<group>";
			versionGroupType = wrapper.xcdatamodel;
		};
/* End XCVersionGroup section */
	};
	rootObject = 8D24A2D61CB6528100E81750 /* Project object */;
}
